{
  "name": "orange-pkg2-demo",
  "version": "1.0.7",
  "lockfileVersion": 1,
  "requires": true,
  "dependencies": {
    "apple-demo-pkg1": {
      "version": "1.0.2",
      "resolved": "https://registry.npmjs.org/apple-demo-pkg1/-/apple-demo-pkg1-1.0.2.tgz",
      "integrity": "sha512-DZNw85wU6C7l0X+ZajjQv1eDxBLke0sQ6HaHuciv/6fmQHNeb/m6j9iGjAl6Lk4JJbLJuJ6pJIrnXhNO9Ob0tQ=="
    }
  }
}
